
Microsoft Visual Studio Solution File, Format Version 12.00
# Visual Studio 15
VisualStudioVersion = 15.0.27004.2002
MinimumVisualStudioVersion = 10.0.40219.1
Project("{9A19103F-16F7-4668-BE54-9A1E7A4F7556}") = "MLApi", "MLApi\MLApi.csproj", "{957C2FFB-F681-45C9-9BC8-32CC84A808FA}"
EndProject
Project("{FAE04EC0-301F-11D3-BF4B-00C04F79EFBC}") = "TensorFlowConnector", "TensorFlowConnector\TensorFlowConnector.csproj", "{A2B27177-8430-49DF-BF9A-5DB74DA11D75}"
EndProject
Project("{FAE04EC0-301F-11D3-BF4B-00C04F79EFBC}") = "ConnectorTester", "ConnectorTester\ConnectorTester.csproj", "{5361999D-1974-4F3C-A10B-DADF0BDAEDC0}"
EndProject
Global
	GlobalSection(SolutionConfigurationPlatforms) = preSolution
		Debug|Any CPU = Debug|Any CPU
		Release|Any CPU = Release|Any CPU
	EndGlobalSection
	GlobalSection(ProjectConfigurationPlatforms) = postSolution
		{957C2FFB-F681-45C9-9BC8-32CC84A808FA}.Debug|Any CPU.ActiveCfg = Debug|Any CPU
		{957C2FFB-F681-45C9-9BC8-32CC84A808FA}.Debug|Any CPU.Build.0 = Debug|Any CPU
		{957C2FFB-F681-45C9-9BC8-32CC84A808FA}.Release|Any CPU.ActiveCfg = Release|Any CPU
		{957C2FFB-F681-45C9-9BC8-32CC84A808FA}.Release|Any CPU.Build.0 = Release|Any CPU
		{A2B27177-8430-49DF-BF9A-5DB74DA11D75}.Debug|Any CPU.ActiveCfg = Debug|Any CPU
		{A2B27177-8430-49DF-BF9A-5DB74DA11D75}.Debug|Any CPU.Build.0 = Debug|Any CPU
		{A2B27177-8430-49DF-BF9A-5DB74DA11D75}.Release|Any CPU.ActiveCfg = Release|Any CPU
		{A2B27177-8430-49DF-BF9A-5DB74DA11D75}.Release|Any CPU.Build.0 = Release|Any CPU
		{5361999D-1974-4F3C-A10B-DADF0BDAEDC0}.Debug|Any CPU.ActiveCfg = Debug|Any CPU
		{5361999D-1974-4F3C-A10B-DADF0BDAEDC0}.Debug|Any CPU.Build.0 = Debug|Any CPU
		{5361999D-1974-4F3C-A10B-DADF0BDAEDC0}.Release|Any CPU.ActiveCfg = Release|Any CPU
		{5361999D-1974-4F3C-A10B-DADF0BDAEDC0}.Release|Any CPU.Build.0 = Release|Any CPU
	EndGlobalSection
	GlobalSection(SolutionProperties) = preSolution
		HideSolutionNode = FALSE
	EndGlobalSection
	GlobalSection(ExtensibilityGlobals) = postSolution
		SolutionGuid = {253E8023-05D3-46A8-ADF3-7E56AB0E5D90}
	EndGlobalSection
EndGlobal
