
Microsoft Visual Studio Solution File, Format Version 12.00
# Visual Studio 15
VisualStudioVersion = 15.0.27428.2015
MinimumVisualStudioVersion = 10.0.40219.1
Project("{FAE04EC0-301F-11D3-BF4B-00C04F79EFBC}") = "Lab1", "Lab1\Lab1.csproj", "{ED94EB13-3FA2-4D6C-82B0-A5671BD50937}"
EndProject
Project("{FAE04EC0-301F-11D3-BF4B-00C04F79EFBC}") = "Shapes", "Shapes\Shapes.csproj", "{7E928C2D-00F0-49C6-AFEF-AF63C25126A4}"
EndProject
Project("{FAE04EC0-301F-11D3-BF4B-00C04F79EFBC}") = "ShapeEditor", "ShapeEditor\ShapeEditor.csproj", "{424063B9-B3B1-46B2-B8BD-B839D85F7C2C}"
EndProject
Project("{FAE04EC0-301F-11D3-BF4B-00C04F79EFBC}") = "Shapes.Serialization", "Shapes.Serialization\Shapes.Serialization.csproj", "{0452B427-B740-455E-844A-D502F11CD0CA}"
EndProject
Project("{FAE04EC0-301F-11D3-BF4B-00C04F79EFBC}") = "Shapes.Interpretation.ThirdParty", "Shapes.Interpretation.ThirdParty\Shapes.Interpretation.ThirdParty.csproj", "{D8234917-9350-4219-ABF9-4F3836372832}"
EndProject
Project("{FAE04EC0-301F-11D3-BF4B-00C04F79EFBC}") = "Shapes.Serialization.ThirdParty", "Shapes.Serialization.ThirdParty\Shapes.Serialization.ThirdParty.csproj", "{18296843-6179-4405-9585-3D171A4E8344}"
EndProject
Project("{FAE04EC0-301F-11D3-BF4B-00C04F79EFBC}") = "Shapes.Interpret", "Shapes.Interpret\Shapes.Interpret.csproj", "{29C229CB-4345-4E7C-B316-2621B9F329B3}"
EndProject
Global
	GlobalSection(SolutionConfigurationPlatforms) = preSolution
		Debug|Any CPU = Debug|Any CPU
		Release|Any CPU = Release|Any CPU
	EndGlobalSection
	GlobalSection(ProjectConfigurationPlatforms) = postSolution
		{ED94EB13-3FA2-4D6C-82B0-A5671BD50937}.Debug|Any CPU.ActiveCfg = Debug|Any CPU
		{ED94EB13-3FA2-4D6C-82B0-A5671BD50937}.Debug|Any CPU.Build.0 = Debug|Any CPU
		{ED94EB13-3FA2-4D6C-82B0-A5671BD50937}.Release|Any CPU.ActiveCfg = Release|Any CPU
		{ED94EB13-3FA2-4D6C-82B0-A5671BD50937}.Release|Any CPU.Build.0 = Release|Any CPU
		{7E928C2D-00F0-49C6-AFEF-AF63C25126A4}.Debug|Any CPU.ActiveCfg = Debug|Any CPU
		{7E928C2D-00F0-49C6-AFEF-AF63C25126A4}.Debug|Any CPU.Build.0 = Debug|Any CPU
		{7E928C2D-00F0-49C6-AFEF-AF63C25126A4}.Release|Any CPU.ActiveCfg = Release|Any CPU
		{7E928C2D-00F0-49C6-AFEF-AF63C25126A4}.Release|Any CPU.Build.0 = Release|Any CPU
		{424063B9-B3B1-46B2-B8BD-B839D85F7C2C}.Debug|Any CPU.ActiveCfg = Debug|Any CPU
		{424063B9-B3B1-46B2-B8BD-B839D85F7C2C}.Debug|Any CPU.Build.0 = Debug|Any CPU
		{424063B9-B3B1-46B2-B8BD-B839D85F7C2C}.Release|Any CPU.ActiveCfg = Release|Any CPU
		{424063B9-B3B1-46B2-B8BD-B839D85F7C2C}.Release|Any CPU.Build.0 = Release|Any CPU
		{0452B427-B740-455E-844A-D502F11CD0CA}.Debug|Any CPU.ActiveCfg = Debug|Any CPU
		{0452B427-B740-455E-844A-D502F11CD0CA}.Debug|Any CPU.Build.0 = Debug|Any CPU
		{0452B427-B740-455E-844A-D502F11CD0CA}.Release|Any CPU.ActiveCfg = Release|Any CPU
		{0452B427-B740-455E-844A-D502F11CD0CA}.Release|Any CPU.Build.0 = Release|Any CPU
		{D8234917-9350-4219-ABF9-4F3836372832}.Debug|Any CPU.ActiveCfg = Debug|Any CPU
		{D8234917-9350-4219-ABF9-4F3836372832}.Debug|Any CPU.Build.0 = Debug|Any CPU
		{D8234917-9350-4219-ABF9-4F3836372832}.Release|Any CPU.ActiveCfg = Release|Any CPU
		{D8234917-9350-4219-ABF9-4F3836372832}.Release|Any CPU.Build.0 = Release|Any CPU
		{18296843-6179-4405-9585-3D171A4E8344}.Debug|Any CPU.ActiveCfg = Debug|Any CPU
		{18296843-6179-4405-9585-3D171A4E8344}.Debug|Any CPU.Build.0 = Debug|Any CPU
		{18296843-6179-4405-9585-3D171A4E8344}.Release|Any CPU.ActiveCfg = Release|Any CPU
		{18296843-6179-4405-9585-3D171A4E8344}.Release|Any CPU.Build.0 = Release|Any CPU
		{29C229CB-4345-4E7C-B316-2621B9F329B3}.Debug|Any CPU.ActiveCfg = Debug|Any CPU
		{29C229CB-4345-4E7C-B316-2621B9F329B3}.Debug|Any CPU.Build.0 = Debug|Any CPU
		{29C229CB-4345-4E7C-B316-2621B9F329B3}.Release|Any CPU.ActiveCfg = Release|Any CPU
		{29C229CB-4345-4E7C-B316-2621B9F329B3}.Release|Any CPU.Build.0 = Release|Any CPU
	EndGlobalSection
	GlobalSection(SolutionProperties) = preSolution
		HideSolutionNode = FALSE
	EndGlobalSection
	GlobalSection(ExtensibilityGlobals) = postSolution
		SolutionGuid = {A5F28D10-DA38-4509-99EA-750C28900889}
	EndGlobalSection
EndGlobal
