
Microsoft Visual Studio Solution File, Format Version 11.00
# Visual Studio 2010
Project("{8BC9CEB8-8B4A-11D0-8D11-00A0C91BC942}") = "lib", "lib.vcxproj", "{9AD7B956-3F3F-4D35-8031-2324F1481EDE}"
EndProject
Global
	GlobalSection(SolutionConfigurationPlatforms) = preSolution
		Debug|Win32 = Debug|Win32
		Release|Win32 = Release|Win32
	EndGlobalSection
	GlobalSection(ProjectConfigurationPlatforms) = postSolution
		{9AD7B956-3F3F-4D35-8031-2324F1481EDE}.Debug|Win32.ActiveCfg = Debug|Win32
		{9AD7B956-3F3F-4D35-8031-2324F1481EDE}.Debug|Win32.Build.0 = Debug|Win32
		{9AD7B956-3F3F-4D35-8031-2324F1481EDE}.Release|Win32.ActiveCfg = Release|Win32
		{9AD7B956-3F3F-4D35-8031-2324F1481EDE}.Release|Win32.Build.0 = Release|Win32
	EndGlobalSection
	GlobalSection(SolutionProperties) = preSolution
		HideSolutionNode = FALSE
	EndGlobalSection
EndGlobal
