
Microsoft Visual Studio Solution File, Format Version 12.00
# Visual Studio 15
VisualStudioVersion = 15.0.28307.489
MinimumVisualStudioVersion = 10.0.40219.1
Project("{FAE04EC0-301F-11D3-BF4B-00C04F79EFBC}") = "Lab5", "Lab5\Lab5.csproj", "{ED94EB13-3FA2-4D6C-82B0-A5671BD50937}"
EndProject
Project("{FAE04EC0-301F-11D3-BF4B-00C04F79EFBC}") = "Shapes", "Shapes\Shapes.csproj", "{7E928C2D-00F0-49C6-AFEF-AF63C25126A4}"
EndProject
Project("{FAE04EC0-301F-11D3-BF4B-00C04F79EFBC}") = "Arc", "Arc\Arc.csproj", "{299A4F0F-3C8C-4988-BBA6-8F342259B539}"
EndProject
Project("{2150E333-8FDC-42A3-9474-1A3956D46DE8}") = "Plugins", "Plugins", "{E8BAF219-B8EF-4750-ADE8-36C024F09427}"
EndProject
Project("{FAE04EC0-301F-11D3-BF4B-00C04F79EFBC}") = "Line", "Line\Line.csproj", "{06471397-4CD0-49B3-9DEC-F3D9FD54B9B2}"
EndProject
Project("{FAE04EC0-301F-11D3-BF4B-00C04F79EFBC}") = "Text", "Text\Text.csproj", "{9BC9B189-FAA1-4BAE-98BC-2105134A36AE}"
EndProject
Project("{FAE04EC0-301F-11D3-BF4B-00C04F79EFBC}") = "Ellipse", "Ellipse\Ellipse.csproj", "{B4EB1EE8-82A6-4867-9187-814C17A9DD0B}"
EndProject
Project("{FAE04EC0-301F-11D3-BF4B-00C04F79EFBC}") = "ZigZag", "ZigZag\ZigZag.csproj", "{77C97D24-53A4-40C7-8497-D14B62BD03AE}"
EndProject
Project("{FAE04EC0-301F-11D3-BF4B-00C04F79EFBC}") = "Rectangle", "Rectangle\Rectangle.csproj", "{2374362B-598C-4C32-B858-3CA70E713E8B}"
EndProject
Project("{FAE04EC0-301F-11D3-BF4B-00C04F79EFBC}") = "Pie", "Pie\Pie.csproj", "{687C3F4C-5FCE-42C7-922D-BCFA41DC425C}"
EndProject
Project("{2150E333-8FDC-42A3-9474-1A3956D46DE8}") = "SavePlugins", "SavePlugins", "{E1C78573-BCC2-4391-8ED9-B9F1CC17638F}"
EndProject
Project("{FAE04EC0-301F-11D3-BF4B-00C04F79EFBC}") = "MD5", "MD5\MD5.csproj", "{A77BAD5B-6A89-4240-9403-1A5736E0088D}"
EndProject
Project("{FAE04EC0-301F-11D3-BF4B-00C04F79EFBC}") = "Zip", "Zip\Zip.csproj", "{5CF6D32F-305D-4416-85D2-9E2717B02828}"
EndProject
Global
	GlobalSection(SolutionConfigurationPlatforms) = preSolution
		Debug|Any CPU = Debug|Any CPU
		Release|Any CPU = Release|Any CPU
	EndGlobalSection
	GlobalSection(ProjectConfigurationPlatforms) = postSolution
		{ED94EB13-3FA2-4D6C-82B0-A5671BD50937}.Debug|Any CPU.ActiveCfg = Debug|Any CPU
		{ED94EB13-3FA2-4D6C-82B0-A5671BD50937}.Debug|Any CPU.Build.0 = Debug|Any CPU
		{ED94EB13-3FA2-4D6C-82B0-A5671BD50937}.Release|Any CPU.ActiveCfg = Release|Any CPU
		{ED94EB13-3FA2-4D6C-82B0-A5671BD50937}.Release|Any CPU.Build.0 = Release|Any CPU
		{7E928C2D-00F0-49C6-AFEF-AF63C25126A4}.Debug|Any CPU.ActiveCfg = Debug|Any CPU
		{7E928C2D-00F0-49C6-AFEF-AF63C25126A4}.Debug|Any CPU.Build.0 = Debug|Any CPU
		{7E928C2D-00F0-49C6-AFEF-AF63C25126A4}.Release|Any CPU.ActiveCfg = Release|Any CPU
		{7E928C2D-00F0-49C6-AFEF-AF63C25126A4}.Release|Any CPU.Build.0 = Release|Any CPU
		{299A4F0F-3C8C-4988-BBA6-8F342259B539}.Debug|Any CPU.ActiveCfg = Debug|Any CPU
		{299A4F0F-3C8C-4988-BBA6-8F342259B539}.Debug|Any CPU.Build.0 = Debug|Any CPU
		{299A4F0F-3C8C-4988-BBA6-8F342259B539}.Release|Any CPU.ActiveCfg = Release|Any CPU
		{299A4F0F-3C8C-4988-BBA6-8F342259B539}.Release|Any CPU.Build.0 = Release|Any CPU
		{06471397-4CD0-49B3-9DEC-F3D9FD54B9B2}.Debug|Any CPU.ActiveCfg = Debug|Any CPU
		{06471397-4CD0-49B3-9DEC-F3D9FD54B9B2}.Debug|Any CPU.Build.0 = Debug|Any CPU
		{06471397-4CD0-49B3-9DEC-F3D9FD54B9B2}.Release|Any CPU.ActiveCfg = Release|Any CPU
		{06471397-4CD0-49B3-9DEC-F3D9FD54B9B2}.Release|Any CPU.Build.0 = Release|Any CPU
		{9BC9B189-FAA1-4BAE-98BC-2105134A36AE}.Debug|Any CPU.ActiveCfg = Debug|Any CPU
		{9BC9B189-FAA1-4BAE-98BC-2105134A36AE}.Debug|Any CPU.Build.0 = Debug|Any CPU
		{9BC9B189-FAA1-4BAE-98BC-2105134A36AE}.Release|Any CPU.ActiveCfg = Release|Any CPU
		{9BC9B189-FAA1-4BAE-98BC-2105134A36AE}.Release|Any CPU.Build.0 = Release|Any CPU
		{B4EB1EE8-82A6-4867-9187-814C17A9DD0B}.Debug|Any CPU.ActiveCfg = Debug|Any CPU
		{B4EB1EE8-82A6-4867-9187-814C17A9DD0B}.Debug|Any CPU.Build.0 = Debug|Any CPU
		{B4EB1EE8-82A6-4867-9187-814C17A9DD0B}.Release|Any CPU.ActiveCfg = Release|Any CPU
		{B4EB1EE8-82A6-4867-9187-814C17A9DD0B}.Release|Any CPU.Build.0 = Release|Any CPU
		{77C97D24-53A4-40C7-8497-D14B62BD03AE}.Debug|Any CPU.ActiveCfg = Debug|Any CPU
		{77C97D24-53A4-40C7-8497-D14B62BD03AE}.Debug|Any CPU.Build.0 = Debug|Any CPU
		{77C97D24-53A4-40C7-8497-D14B62BD03AE}.Release|Any CPU.ActiveCfg = Release|Any CPU
		{77C97D24-53A4-40C7-8497-D14B62BD03AE}.Release|Any CPU.Build.0 = Release|Any CPU
		{2374362B-598C-4C32-B858-3CA70E713E8B}.Debug|Any CPU.ActiveCfg = Debug|Any CPU
		{2374362B-598C-4C32-B858-3CA70E713E8B}.Debug|Any CPU.Build.0 = Debug|Any CPU
		{2374362B-598C-4C32-B858-3CA70E713E8B}.Release|Any CPU.ActiveCfg = Release|Any CPU
		{2374362B-598C-4C32-B858-3CA70E713E8B}.Release|Any CPU.Build.0 = Release|Any CPU
		{687C3F4C-5FCE-42C7-922D-BCFA41DC425C}.Debug|Any CPU.ActiveCfg = Debug|Any CPU
		{687C3F4C-5FCE-42C7-922D-BCFA41DC425C}.Debug|Any CPU.Build.0 = Debug|Any CPU
		{687C3F4C-5FCE-42C7-922D-BCFA41DC425C}.Release|Any CPU.ActiveCfg = Release|Any CPU
		{687C3F4C-5FCE-42C7-922D-BCFA41DC425C}.Release|Any CPU.Build.0 = Release|Any CPU
		{A77BAD5B-6A89-4240-9403-1A5736E0088D}.Debug|Any CPU.ActiveCfg = Debug|Any CPU
		{A77BAD5B-6A89-4240-9403-1A5736E0088D}.Debug|Any CPU.Build.0 = Debug|Any CPU
		{A77BAD5B-6A89-4240-9403-1A5736E0088D}.Release|Any CPU.ActiveCfg = Release|Any CPU
		{A77BAD5B-6A89-4240-9403-1A5736E0088D}.Release|Any CPU.Build.0 = Release|Any CPU
		{5CF6D32F-305D-4416-85D2-9E2717B02828}.Debug|Any CPU.ActiveCfg = Debug|Any CPU
		{5CF6D32F-305D-4416-85D2-9E2717B02828}.Debug|Any CPU.Build.0 = Debug|Any CPU
		{5CF6D32F-305D-4416-85D2-9E2717B02828}.Release|Any CPU.ActiveCfg = Release|Any CPU
		{5CF6D32F-305D-4416-85D2-9E2717B02828}.Release|Any CPU.Build.0 = Release|Any CPU
	EndGlobalSection
	GlobalSection(SolutionProperties) = preSolution
		HideSolutionNode = FALSE
	EndGlobalSection
	GlobalSection(ExtensibilityGlobals) = postSolution
		SolutionGuid = {FAC41780-B4A5-49D9-8810-EDD7125CF902}
	EndGlobalSection
	GlobalSection(NestedProjects) = preSolution
		{299A4F0F-3C8C-4988-BBA6-8F342259B539} = {E8BAF219-B8EF-4750-ADE8-36C024F09427}
		{06471397-4CD0-49B3-9DEC-F3D9FD54B9B2} = {E8BAF219-B8EF-4750-ADE8-36C024F09427}
		{9BC9B189-FAA1-4BAE-98BC-2105134A36AE} = {E8BAF219-B8EF-4750-ADE8-36C024F09427}
		{B4EB1EE8-82A6-4867-9187-814C17A9DD0B} = {E8BAF219-B8EF-4750-ADE8-36C024F09427}
		{77C97D24-53A4-40C7-8497-D14B62BD03AE} = {E8BAF219-B8EF-4750-ADE8-36C024F09427}
		{2374362B-598C-4C32-B858-3CA70E713E8B} = {E8BAF219-B8EF-4750-ADE8-36C024F09427}
		{687C3F4C-5FCE-42C7-922D-BCFA41DC425C} = {E8BAF219-B8EF-4750-ADE8-36C024F09427}
		{A77BAD5B-6A89-4240-9403-1A5736E0088D} = {E1C78573-BCC2-4391-8ED9-B9F1CC17638F}
		{5CF6D32F-305D-4416-85D2-9E2717B02828} = {E1C78573-BCC2-4391-8ED9-B9F1CC17638F}
	EndGlobalSection
EndGlobal
