
Microsoft Visual Studio Solution File, Format Version 12.00
# Visual Studio Express 2013 for Windows Desktop
VisualStudioVersion = 12.0.31101.0
MinimumVisualStudioVersion = 10.0.40219.1
Project("{8BC9CEB8-8B4A-11D0-8D11-00A0C91BC942}") = "Проект1", "Проект1\Проект1.vcxproj", "{CFFDE712-2321-473B-ADFE-A79FCE43594E}"
EndProject
Global
	GlobalSection(SolutionConfigurationPlatforms) = preSolution
		Debug|Win32 = Debug|Win32
		Release|Win32 = Release|Win32
	EndGlobalSection
	GlobalSection(ProjectConfigurationPlatforms) = postSolution
		{CFFDE712-2321-473B-ADFE-A79FCE43594E}.Debug|Win32.ActiveCfg = Debug|Win32
		{CFFDE712-2321-473B-ADFE-A79FCE43594E}.Debug|Win32.Build.0 = Debug|Win32
		{CFFDE712-2321-473B-ADFE-A79FCE43594E}.Release|Win32.ActiveCfg = Release|Win32
		{CFFDE712-2321-473B-ADFE-A79FCE43594E}.Release|Win32.Build.0 = Release|Win32
	EndGlobalSection
	GlobalSection(SolutionProperties) = preSolution
		HideSolutionNode = FALSE
	EndGlobalSection
EndGlobal
